{
  "name": "@krauters/typescript-core",
  "version": "0.0.0",
  "lockfileVersion": 3,
  "requires": true,
  "packages": {
    "": {
      "name": "@krauters/typescript-core",
      "version": "0.0.0",
      "license": "MIT",
      "devDependencies": {
        "husky": "^9.1.1",
        "typescript": "^5.5.3"
      }
    },
    "node_modules/husky": {
      "version": "9.1.1",
      "resolved": "https://registry.npmjs.org/husky/-/husky-9.1.1.tgz",
      "integrity": "sha512-fCqlqLXcBnXa/TJXmT93/A36tJsjdJkibQ1MuIiFyCCYUlpYpIaj2mv1w+3KR6Rzu1IC3slFTje5f6DUp2A2rg==",
      "dev": true,
      "bin": {
        "husky": "bin.js"
      },
      "engines": {
        "node": ">=18"
      },
      "funding": {
        "url": "https://github.com/sponsors/typicode"
      }
    },
    "node_modules/typescript": {
      "version": "5.5.3",
      "resolved": "https://registry.npmjs.org/typescript/-/typescript-5.5.3.tgz",
      "integrity": "sha512-/hreyEujaB0w76zKo6717l3L0o/qEUtRgdvUBvlkhoWeOVMjMuHNHk0BRBzikzuGDqNmPQbg5ifMEqsHLiIUcQ==",
      "dev": true,
      "bin": {
        "tsc": "bin/tsc",
        "tsserver": "bin/tsserver"
      },
      "engines": {
        "node": ">=14.17"
      }
    }
  }
}
